// !$*UTF8*$!
{
	archiveVersion = 1;
	classes = {
	};
	objectVersion = 46;
	objects = {

/* Begin PBXBuildFile section */
		FAFEB47C1A0078FD004BDDE0 /* main.m in Sources */ = {isa = PBXBuildFile; fileRef = FAFEB47B1A0078FD004BDDE0 /* main.m */; };
		FAFEB47F1A0078FD004BDDE0 /* AppDelegate.m in Sources */ = {isa = PBXBuildFile; fileRef = FAFEB47E1A0078FD004BDDE0 /* AppDelegate.m */; };
		FAFEB4871A0078FD004BDDE0 /* Images.xcassets in Resources */ = {isa = PBXBuildFile; fileRef = FAFEB4861A0078FD004BDDE0 /* Images.xcassets */; };
		FAFEB4961A0078FD004BDDE0 /* CalenderSampleTests.m in Sources */ = {isa = PBXBuildFile; fileRef = FAFEB4951A0078FD004BDDE0 /* CalenderSampleTests.m */; };
		FAFEB4A21A007927004BDDE0 /* HDSSampleCalenderViewController.m in Sources */ = {isa = PBXBuildFile; fileRef = FAFEB4A01A007927004BDDE0 /* HDSSampleCalenderViewController.m */; };
		FAFEB4A31A007927004BDDE0 /* HDSSampleCalenderViewController.xib in Resources */ = {isa = PBXBuildFile; fileRef = FAFEB4A11A007927004BDDE0 /* HDSSampleCalenderViewController.xib */; };
		FAFEB4A61A007C7E004BDDE0 /* calenderframe.png in Resources */ = {isa = PBXBuildFile; fileRef = FAFEB4A51A007C7E004BDDE0 /* calenderframe.png */; };
		FAFEB4DC1A008234004BDDE0 /* Main.storyboard in Resources */ = {isa = PBXBuildFile; fileRef = FAFEB4D91A008234004BDDE0 /* Main.storyboard */; };
/* End PBXBuildFile section */

/* Begin PBXContainerItemProxy section */
		FAFEB4901A0078FD004BDDE0 /* PBXContainerItemProxy */ = {
			isa = PBXContainerItemProxy;
			containerPortal = FAFEB46E1A0078FD004BDDE0 /* Project object */;
			proxyType = 1;
			remoteGlobalIDString = FAFEB4751A0078FD004BDDE0;
			remoteInfo = CalenderSample;
		};
/* End PBXContainerItemProxy section */

/* Begin PBXFileReference section */
		FAFEB4761A0078FD004BDDE0 /* CalenderSample.app */ = {isa = PBXFileReference; explicitFileType = wrapper.application; includeInIndex = 0; path = CalenderSample.app; sourceTree = BUILT_PRODUCTS_DIR; };
		FAFEB47A1A0078FD004BDDE0 /* Info.plist */ = {isa = PBXFileReference; lastKnownFileType = text.plist.xml; path = Info.plist; sourceTree = "<group>"; };
		FAFEB47B1A0078FD004BDDE0 /* main.m */ = {isa = PBXFileReference; lastKnownFileType = sourcecode.c.objc; path = main.m; sourceTree = "<group>"; };
		FAFEB47D1A0078FD004BDDE0 /* AppDelegate.h */ = {isa = PBXFileReference; lastKnownFileType = sourcecode.c.h; path = AppDelegate.h; sourceTree = "<group>"; };
		FAFEB47E1A0078FD004BDDE0 /* AppDelegate.m */ = {isa = PBXFileReference; lastKnownFileType = sourcecode.c.objc; path = AppDelegate.m; sourceTree = "<group>"; };
		FAFEB4861A0078FD004BDDE0 /* Images.xcassets */ = {isa = PBXFileReference; lastKnownFileType = folder.assetcatalog; path = Images.xcassets; sourceTree = "<group>"; };
		FAFEB48F1A0078FD004BDDE0 /* CalenderSampleTests.xctest */ = {isa = PBXFileReference; explicitFileType = wrapper.cfbundle; includeInIndex = 0; path = CalenderSampleTests.xctest; sourceTree = BUILT_PRODUCTS_DIR; };
		FAFEB4941A0078FD004BDDE0 /* Info.plist */ = {isa = PBXFileReference; lastKnownFileType = text.plist.xml; path = Info.plist; sourceTree = "<group>"; };
		FAFEB4951A0078FD004BDDE0 /* CalenderSampleTests.m */ = {isa = PBXFileReference; lastKnownFileType = sourcecode.c.objc; path = CalenderSampleTests.m; sourceTree = "<group>"; };
		FAFEB49F1A007927004BDDE0 /* HDSSampleCalenderViewController.h */ = {isa = PBXFileReference; fileEncoding = 4; lastKnownFileType = sourcecode.c.h; path = HDSSampleCalenderViewController.h; sourceTree = "<group>"; };
		FAFEB4A01A007927004BDDE0 /* HDSSampleCalenderViewController.m */ = {isa = PBXFileReference; fileEncoding = 4; lastKnownFileType = sourcecode.c.objc; path = HDSSampleCalenderViewController.m; sourceTree = "<group>"; };
		FAFEB4A11A007927004BDDE0 /* HDSSampleCalenderViewController.xib */ = {isa = PBXFileReference; fileEncoding = 4; lastKnownFileType = file.xib; path = HDSSampleCalenderViewController.xib; sourceTree = "<group>"; };
		FAFEB4A51A007C7E004BDDE0 /* calenderframe.png */ = {isa = PBXFileReference; lastKnownFileType = image.png; path = calenderframe.png; sourceTree = "<group>"; };
		FAFEB4D91A008234004BDDE0 /* Main.storyboard */ = {isa = PBXFileReference; fileEncoding = 4; lastKnownFileType = file.storyboard; path = Main.storyboard; sourceTree = "<group>"; };
/* End PBXFileReference section */

/* Begin PBXFrameworksBuildPhase section */
		FAFEB4731A0078FD004BDDE0 /* Frameworks */ = {
			isa = PBXFrameworksBuildPhase;
			buildActionMask = 2147483647;
			files = (
			);
			runOnlyForDeploymentPostprocessing = 0;
		};
		FAFEB48C1A0078FD004BDDE0 /* Frameworks */ = {
			isa = PBXFrameworksBuildPhase;
			buildActionMask = 2147483647;
			files = (
			);
			runOnlyForDeploymentPostprocessing = 0;
		};
/* End PBXFrameworksBuildPhase section */

/* Begin PBXGroup section */
		FAFEB46D1A0078FD004BDDE0 = {
			isa = PBXGroup;
			children = (
				FAFEB4781A0078FD004BDDE0 /* CalenderSample */,
				FAFEB4921A0078FD004BDDE0 /* CalenderSampleTests */,
				FAFEB4771A0078FD004BDDE0 /* Products */,
			);
			sourceTree = "<group>";
		};
		FAFEB4771A0078FD004BDDE0 /* Products */ = {
			isa = PBXGroup;
			children = (
				FAFEB4761A0078FD004BDDE0 /* CalenderSample.app */,
				FAFEB48F1A0078FD004BDDE0 /* CalenderSampleTests.xctest */,
			);
			name = Products;
			sourceTree = "<group>";
		};
		FAFEB4781A0078FD004BDDE0 /* CalenderSample */ = {
			isa = PBXGroup;
			children = (
				FAFEB4A41A007C47004BDDE0 /* New Group */,
				FAFEB47D1A0078FD004BDDE0 /* AppDelegate.h */,
				FAFEB47E1A0078FD004BDDE0 /* AppDelegate.m */,
				FAFEB4D91A008234004BDDE0 /* Main.storyboard */,
				FAFEB49F1A007927004BDDE0 /* HDSSampleCalenderViewController.h */,
				FAFEB4A01A007927004BDDE0 /* HDSSampleCalenderViewController.m */,
				FAFEB4A11A007927004BDDE0 /* HDSSampleCalenderViewController.xib */,
				FAFEB4861A0078FD004BDDE0 /* Images.xcassets */,
				FAFEB4791A0078FD004BDDE0 /* Supporting Files */,
			);
			path = CalenderSample;
			sourceTree = "<group>";
		};
		FAFEB4791A0078FD004BDDE0 /* Supporting Files */ = {
			isa = PBXGroup;
			children = (
				FAFEB47A1A0078FD004BDDE0 /* Info.plist */,
				FAFEB47B1A0078FD004BDDE0 /* main.m */,
			);
			name = "Supporting Files";
			sourceTree = "<group>";
		};
		FAFEB4921A0078FD004BDDE0 /* CalenderSampleTests */ = {
			isa = PBXGroup;
			children = (
				FAFEB4951A0078FD004BDDE0 /* CalenderSampleTests.m */,
				FAFEB4931A0078FD004BDDE0 /* Supporting Files */,
			);
			path = CalenderSampleTests;
			sourceTree = "<group>";
		};
		FAFEB4931A0078FD004BDDE0 /* Supporting Files */ = {
			isa = PBXGroup;
			children = (
				FAFEB4941A0078FD004BDDE0 /* Info.plist */,
			);
			name = "Supporting Files";
			sourceTree = "<group>";
		};
		FAFEB4A41A007C47004BDDE0 /* New Group */ = {
			isa = PBXGroup;
			children = (
				FAFEB4A51A007C7E004BDDE0 /* calenderframe.png */,
			);
			name = "New Group";
			sourceTree = "<group>";
		};
/* End PBXGroup section */

/* Begin PBXNativeTarget section */
		FAFEB4751A0078FD004BDDE0 /* CalenderSample */ = {
			isa = PBXNativeTarget;
			buildConfigurationList = FAFEB4991A0078FD004BDDE0 /* Build configuration list for PBXNativeTarget "CalenderSample" */;
			buildPhases = (
				FAFEB4721A0078FD004BDDE0 /* Sources */,
				FAFEB4731A0078FD004BDDE0 /* Frameworks */,
				FAFEB4741A0078FD004BDDE0 /* Resources */,
			);
			buildRules = (
			);
			dependencies = (
			);
			name = CalenderSample;
			productName = CalenderSample;
			productReference = FAFEB4761A0078FD004BDDE0 /* CalenderSample.app */;
			productType = "com.apple.product-type.application";
		};
		FAFEB48E1A0078FD004BDDE0 /* CalenderSampleTests */ = {
			isa = PBXNativeTarget;
			buildConfigurationList = FAFEB49C1A0078FD004BDDE0 /* Build configuration list for PBXNativeTarget "CalenderSampleTests" */;
			buildPhases = (
				FAFEB48B1A0078FD004BDDE0 /* Sources */,
				FAFEB48C1A0078FD004BDDE0 /* Frameworks */,
				FAFEB48D1A0078FD004BDDE0 /* Resources */,
			);
			buildRules = (
			);
			dependencies = (
				FAFEB4911A0078FD004BDDE0 /* PBXTargetDependency */,
			);
			name = CalenderSampleTests;
			productName = CalenderSampleTests;
			productReference = FAFEB48F1A0078FD004BDDE0 /* CalenderSampleTests.xctest */;
			productType = "com.apple.product-type.bundle.unit-test";
		};
/* End PBXNativeTarget section */

/* Begin PBXProject section */
		FAFEB46E1A0078FD004BDDE0 /* Project object */ = {
			isa = PBXProject;
			attributes = {
				LastUpgradeCheck = 0610;
				ORGANIZATIONNAME = Anslink;
				TargetAttributes = {
					FAFEB4751A0078FD004BDDE0 = {
						CreatedOnToolsVersion = 6.1;
					};
					FAFEB48E1A0078FD004BDDE0 = {
						CreatedOnToolsVersion = 6.1;
						TestTargetID = FAFEB4751A0078FD004BDDE0;
					};
				};
			};
			buildConfigurationList = FAFEB4711A0078FD004BDDE0 /* Build configuration list for PBXProject "CalenderSample" */;
			compatibilityVersion = "Xcode 3.2";
			developmentRegion = English;
			hasScannedForEncodings = 0;
			knownRegions = (
				en,
				Base,
			);
			mainGroup = FAFEB46D1A0078FD004BDDE0;
			productRefGroup = FAFEB4771A0078FD004BDDE0 /* Products */;
			projectDirPath = "";
			projectRoot = "";
			targets = (
				FAFEB4751A0078FD004BDDE0 /* CalenderSample */,
				FAFEB48E1A0078FD004BDDE0 /* CalenderSampleTests */,
			);
		};
/* End PBXProject section */

/* Begin PBXResourcesBuildPhase section */
		FAFEB4741A0078FD004BDDE0 /* Resources */ = {
			isa = PBXResourcesBuildPhase;
			buildActionMask = 2147483647;
			files = (
				FAFEB4A61A007C7E004BDDE0 /* calenderframe.png in Resources */,
				FAFEB4A31A007927004BDDE0 /* HDSSampleCalenderViewController.xib in Resources */,
				FAFEB4871A0078FD004BDDE0 /* Images.xcassets in Resources */,
				FAFEB4DC1A008234004BDDE0 /* Main.storyboard in Resources */,
			);
			runOnlyForDeploymentPostprocessing = 0;
		};
		FAFEB48D1A0078FD004BDDE0 /* Resources */ = {
			isa = PBXResourcesBuildPhase;
			buildActionMask = 2147483647;
			files = (
			);
			runOnlyForDeploymentPostprocessing = 0;
		};
/* End PBXResourcesBuildPhase section */

/* Begin PBXSourcesBuildPhase section */
		FAFEB4721A0078FD004BDDE0 /* Sources */ = {
			isa = PBXSourcesBuildPhase;
			buildActionMask = 2147483647;
			files = (
				FAFEB4A21A007927004BDDE0 /* HDSSampleCalenderViewController.m in Sources */,
				FAFEB47F1A0078FD004BDDE0 /* AppDelegate.m in Sources */,
				FAFEB47C1A0078FD004BDDE0 /* main.m in Sources */,
			);
			runOnlyForDeploymentPostprocessing = 0;
		};
		FAFEB48B1A0078FD004BDDE0 /* Sources */ = {
			isa = PBXSourcesBuildPhase;
			buildActionMask = 2147483647;
			files = (
				FAFEB4961A0078FD004BDDE0 /* CalenderSampleTests.m in Sources */,
			);
			runOnlyForDeploymentPostprocessing = 0;
		};
/* End PBXSourcesBuildPhase section */

/* Begin PBXTargetDependency section */
		FAFEB4911A0078FD004BDDE0 /* PBXTargetDependency */ = {
			isa = PBXTargetDependency;
			target = FAFEB4751A0078FD004BDDE0 /* CalenderSample */;
			targetProxy = FAFEB4901A0078FD004BDDE0 /* PBXContainerItemProxy */;
		};
/* End PBXTargetDependency section */

/* Begin XCBuildConfiguration section */
		FAFEB4971A0078FD004BDDE0 /* Debug */ = {
			isa = XCBuildConfiguration;
			buildSettings = {
				ALWAYS_SEARCH_USER_PATHS = NO;
				CLANG_CXX_LANGUAGE_STANDARD = "gnu++0x";
				CLANG_CXX_LIBRARY = "libc++";
				CLANG_ENABLE_MODULES = YES;
				CLANG_ENABLE_OBJC_ARC = YES;
				CLANG_WARN_BOOL_CONVERSION = YES;
				CLANG_WARN_CONSTANT_CONVERSION = YES;
				CLANG_WARN_DIRECT_OBJC_ISA_USAGE = YES_ERROR;
				CLANG_WARN_EMPTY_BODY = YES;
				CLANG_WARN_ENUM_CONVERSION = YES;
				CLANG_WARN_INT_CONVERSION = YES;
				CLANG_WARN_OBJC_ROOT_CLASS = YES_ERROR;
				CLANG_WARN_UNREACHABLE_CODE = YES;
				CLANG_WARN__DUPLICATE_METHOD_MATCH = YES;
				"CODE_SIGN_IDENTITY[sdk=iphoneos*]" = "iPhone Developer";
				COPY_PHASE_STRIP = NO;
				ENABLE_STRICT_OBJC_MSGSEND = YES;
				GCC_C_LANGUAGE_STANDARD = gnu99;
				GCC_DYNAMIC_NO_PIC = NO;
				GCC_OPTIMIZATION_LEVEL = 0;
				GCC_PREPROCESSOR_DEFINITIONS = (
					"DEBUG=1",
					"$(inherited)",
				);
				GCC_SYMBOLS_PRIVATE_EXTERN = NO;
				GCC_WARN_64_TO_32_BIT_CONVERSION = YES;
				GCC_WARN_ABOUT_RETURN_TYPE = YES_ERROR;
				GCC_WARN_UNDECLARED_SELECTOR = YES;
				GCC_WARN_UNINITIALIZED_AUTOS = YES_AGGRESSIVE;
				GCC_WARN_UNUSED_FUNCTION = YES;
				GCC_WARN_UNUSED_VARIABLE = YES;
				IPHONEOS_DEPLOYMENT_TARGET = 7.1;
				MTL_ENABLE_DEBUG_INFO = YES;
				ONLY_ACTIVE_ARCH = YES;
				SDKROOT = iphoneos;
			};
			name = Debug;
		};
		FAFEB4981A0078FD004BDDE0 /* Release */ = {
			isa = XCBuildConfiguration;
			buildSettings = {
				ALWAYS_SEARCH_USER_PATHS = NO;
				CLANG_CXX_LANGUAGE_STANDARD = "gnu++0x";
				CLANG_CXX_LIBRARY = "libc++";
				CLANG_ENABLE_MODULES = YES;
				CLANG_ENABLE_OBJC_ARC = YES;
				CLANG_WARN_BOOL_CONVERSION = YES;
				CLANG_WARN_CONSTANT_CONVERSION = YES;
				CLANG_WARN_DIRECT_OBJC_ISA_USAGE = YES_ERROR;
				CLANG_WARN_EMPTY_BODY = YES;
				CLANG_WARN_ENUM_CONVERSION = YES;
				CLANG_WARN_INT_CONVERSION = YES;
				CLANG_WARN_OBJC_ROOT_CLASS = YES_ERROR;
				CLANG_WARN_UNREACHABLE_CODE = YES;
				CLANG_WARN__DUPLICATE_METHOD_MATCH = YES;
				"CODE_SIGN_IDENTITY[sdk=iphoneos*]" = "iPhone Developer";
				COPY_PHASE_STRIP = YES;
				ENABLE_NS_ASSERTIONS = NO;
				ENABLE_STRICT_OBJC_MSGSEND = YES;
				GCC_C_LANGUAGE_STANDARD = gnu99;
				GCC_WARN_64_TO_32_BIT_CONVERSION = YES;
				GCC_WARN_ABOUT_RETURN_TYPE = YES_ERROR;
				GCC_WARN_UNDECLARED_SELECTOR = YES;
				GCC_WARN_UNINITIALIZED_AUTOS = YES_AGGRESSIVE;
				GCC_WARN_UNUSED_FUNCTION = YES;
				GCC_WARN_UNUSED_VARIABLE = YES;
				IPHONEOS_DEPLOYMENT_TARGET = 7.1;
				MTL_ENABLE_DEBUG_INFO = NO;
				SDKROOT = iphoneos;
				VALIDATE_PRODUCT = YES;
			};
			name = Release;
		};
		FAFEB49A1A0078FD004BDDE0 /* Debug */ = {
			isa = XCBuildConfiguration;
			buildSettings = {
				ASSETCATALOG_COMPILER_APPICON_NAME = AppIcon;
				INFOPLIST_FILE = CalenderSample/Info.plist;
				IPHONEOS_DEPLOYMENT_TARGET = 7.1;
				LD_RUNPATH_SEARCH_PATHS = "$(inherited) @executable_path/Frameworks";
				PRODUCT_NAME = "$(TARGET_NAME)";
			};
			name = Debug;
		};
		FAFEB49B1A0078FD004BDDE0 /* Release */ = {
			isa = XCBuildConfiguration;
			buildSettings = {
				ASSETCATALOG_COMPILER_APPICON_NAME = AppIcon;
				INFOPLIST_FILE = CalenderSample/Info.plist;
				IPHONEOS_DEPLOYMENT_TARGET = 7.1;
				LD_RUNPATH_SEARCH_PATHS = "$(inherited) @executable_path/Frameworks";
				PRODUCT_NAME = "$(TARGET_NAME)";
			};
			name = Release;
		};
		FAFEB49D1A0078FD004BDDE0 /* Debug */ = {
			isa = XCBuildConfiguration;
			buildSettings = {
				BUNDLE_LOADER = "$(TEST_HOST)";
				FRAMEWORK_SEARCH_PATHS = (
					"$(SDKROOT)/Developer/Library/Frameworks",
					"$(inherited)",
				);
				GCC_PREPROCESSOR_DEFINITIONS = (
					"DEBUG=1",
					"$(inherited)",
				);
				INFOPLIST_FILE = CalenderSampleTests/Info.plist;
				LD_RUNPATH_SEARCH_PATHS = "$(inherited) @executable_path/Frameworks @loader_path/Frameworks";
				PRODUCT_NAME = "$(TARGET_NAME)";
				TEST_HOST = "$(BUILT_PRODUCTS_DIR)/CalenderSample.app/CalenderSample";
			};
			name = Debug;
		};
		FAFEB49E1A0078FD004BDDE0 /* Release */ = {
			isa = XCBuildConfiguration;
			buildSettings = {
				BUNDLE_LOADER = "$(TEST_HOST)";
				FRAMEWORK_SEARCH_PATHS = (
					"$(SDKROOT)/Developer/Library/Frameworks",
					"$(inherited)",
				);
				INFOPLIST_FILE = CalenderSampleTests/Info.plist;
				LD_RUNPATH_SEARCH_PATHS = "$(inherited) @executable_path/Frameworks @loader_path/Frameworks";
				PRODUCT_NAME = "$(TARGET_NAME)";
				TEST_HOST = "$(BUILT_PRODUCTS_DIR)/CalenderSample.app/CalenderSample";
			};
			name = Release;
		};
/* End XCBuildConfiguration section */

/* Begin XCConfigurationList section */
		FAFEB4711A0078FD004BDDE0 /* Build configuration list for PBXProject "CalenderSample" */ = {
			isa = XCConfigurationList;
			buildConfigurations = (
				FAFEB4971A0078FD004BDDE0 /* Debug */,
				FAFEB4981A0078FD004BDDE0 /* Release */,
			);
			defaultConfigurationIsVisible = 0;
			defaultConfigurationName = Release;
		};
		FAFEB4991A0078FD004BDDE0 /* Build configuration list for PBXNativeTarget "CalenderSample" */ = {
			isa = XCConfigurationList;
			buildConfigurations = (
				FAFEB49A1A0078FD004BDDE0 /* Debug */,
				FAFEB49B1A0078FD004BDDE0 /* Release */,
			);
			defaultConfigurationIsVisible = 0;
			defaultConfigurationName = Release;
		};
		FAFEB49C1A0078FD004BDDE0 /* Build configuration list for PBXNativeTarget "CalenderSampleTests" */ = {
			isa = XCConfigurationList;
			buildConfigurations = (
				FAFEB49D1A0078FD004BDDE0 /* Debug */,
				FAFEB49E1A0078FD004BDDE0 /* Release */,
			);
			defaultConfigurationIsVisible = 0;
			defaultConfigurationName = Release;
		};
/* End XCConfigurationList section */
	};
	rootObject = FAFEB46E1A0078FD004BDDE0 /* Project object */;
}
